
Microsoft Visual Studio Solution File, Format Version 11.00
# Visual Studio 2010
Project("{FAE04EC0-301F-11D3-BF4B-00C04F79EFBC}") = "Deliverable-2", "Assembly-CSharp.csproj", "{C074B96E-1EC6-9584-FAA9-8AA9A0874F41}"
EndProject
Global
	GlobalSection(SolutionConfigurationPlatforms) = preSolution
		Debug|Any CPU = Debug|Any CPU
		Release|Any CPU = Release|Any CPU
	EndGlobalSection
	GlobalSection(ProjectConfigurationPlatforms) = postSolution
		{C074B96E-1EC6-9584-FAA9-8AA9A0874F41}.Debug|Any CPU.ActiveCfg = Debug|Any CPU
		{C074B96E-1EC6-9584-FAA9-8AA9A0874F41}.Debug|Any CPU.Build.0 = Debug|Any CPU
		{C074B96E-1EC6-9584-FAA9-8AA9A0874F41}.Release|Any CPU.ActiveCfg = Release|Any CPU
		{C074B96E-1EC6-9584-FAA9-8AA9A0874F41}.Release|Any CPU.Build.0 = Release|Any CPU
	EndGlobalSection
	GlobalSection(SolutionProperties) = preSolution
		HideSolutionNode = FALSE
	EndGlobalSection
	GlobalSection(MonoDevelopProperties) = preSolution
		StartupItem = Assembly-CSharp.csproj
	EndGlobalSection
EndGlobal
